
Microsoft Visual Studio Solution File, Format Version 12.00
# Visual Studio Version 17
VisualStudioVersion = 17.8.34309.116
MinimumVisualStudioVersion = 10.0.40219.1
Project("{FAE04EC0-301F-11D3-BF4B-00C04F79EFBC}") = "Task1", "Task1\Task1.csproj", "{3E069F06-F30C-4840-AE5D-CBB866621E5D}"
EndProject
Global
	GlobalSection(SolutionConfigurationPlatforms) = preSolution
		Debug|Any CPU = Debug|Any CPU
		Release|Any CPU = Release|Any CPU
	EndGlobalSection
	GlobalSection(ProjectConfigurationPlatforms) = postSolution
		{3E069F06-F30C-4840-AE5D-CBB866621E5D}.Debug|Any CPU.ActiveCfg = Debug|Any CPU
		{3E069F06-F30C-4840-AE5D-CBB866621E5D}.Debug|Any CPU.Build.0 = Debug|Any CPU
		{3E069F06-F30C-4840-AE5D-CBB866621E5D}.Release|Any CPU.ActiveCfg = Release|Any CPU
		{3E069F06-F30C-4840-AE5D-CBB866621E5D}.Release|Any CPU.Build.0 = Release|Any CPU
	EndGlobalSection
	GlobalSection(SolutionProperties) = preSolution
		HideSolutionNode = FALSE
	EndGlobalSection
	GlobalSection(ExtensibilityGlobals) = postSolution
		SolutionGuid = {616DFF8C-0F41-46E3-85B6-C67E18F4A20D}
	EndGlobalSection
EndGlobal
